
Microsoft Visual Studio Solution File, Format Version 12.00
# Visual Studio Version 16
VisualStudioVersion = 16.0.31321.278
MinimumVisualStudioVersion = 10.0.40219.1
Project("{9A19103F-16F7-4668-BE54-9A1E7A4F7556}") = "Mindrean_Denisa_Lab2", "Mindrean_Denisa_Lab2.csproj", "{AE82478C-3DE8-4D75-A9BA-DB7E0C1DFB1B}"
EndProject
Project("{FAE04EC0-301F-11D3-BF4B-00C04F79EFBC}") = "LibraryModel", "..\LibraryModel\LibraryModel.csproj", "{01B29BF4-1483-4743-99CC-7286B0B85B46}"
EndProject
Project("{9A19103F-16F7-4668-BE54-9A1E7A4F7556}") = "LibraryWebAPI", "..\LibraryWebAPI\LibraryWebAPI.csproj", "{3C17BF26-AE17-45B1-9267-9424CEBE779A}"
EndProject
Global
	GlobalSection(SolutionConfigurationPlatforms) = preSolution
		Debug|Any CPU = Debug|Any CPU
		Release|Any CPU = Release|Any CPU
	EndGlobalSection
	GlobalSection(ProjectConfigurationPlatforms) = postSolution
		{AE82478C-3DE8-4D75-A9BA-DB7E0C1DFB1B}.Debug|Any CPU.ActiveCfg = Debug|Any CPU
		{AE82478C-3DE8-4D75-A9BA-DB7E0C1DFB1B}.Debug|Any CPU.Build.0 = Debug|Any CPU
		{AE82478C-3DE8-4D75-A9BA-DB7E0C1DFB1B}.Release|Any CPU.ActiveCfg = Release|Any CPU
		{AE82478C-3DE8-4D75-A9BA-DB7E0C1DFB1B}.Release|Any CPU.Build.0 = Release|Any CPU
		{01B29BF4-1483-4743-99CC-7286B0B85B46}.Debug|Any CPU.ActiveCfg = Debug|Any CPU
		{01B29BF4-1483-4743-99CC-7286B0B85B46}.Debug|Any CPU.Build.0 = Debug|Any CPU
		{01B29BF4-1483-4743-99CC-7286B0B85B46}.Release|Any CPU.ActiveCfg = Release|Any CPU
		{01B29BF4-1483-4743-99CC-7286B0B85B46}.Release|Any CPU.Build.0 = Release|Any CPU
		{3C17BF26-AE17-45B1-9267-9424CEBE779A}.Debug|Any CPU.ActiveCfg = Debug|Any CPU
		{3C17BF26-AE17-45B1-9267-9424CEBE779A}.Debug|Any CPU.Build.0 = Debug|Any CPU
		{3C17BF26-AE17-45B1-9267-9424CEBE779A}.Release|Any CPU.ActiveCfg = Release|Any CPU
		{3C17BF26-AE17-45B1-9267-9424CEBE779A}.Release|Any CPU.Build.0 = Release|Any CPU
	EndGlobalSection
	GlobalSection(SolutionProperties) = preSolution
		HideSolutionNode = FALSE
	EndGlobalSection
	GlobalSection(ExtensibilityGlobals) = postSolution
		SolutionGuid = {4740ED82-787F-4D73-BFFF-131D7D672D3D}
	EndGlobalSection
EndGlobal
